
Microsoft Visual Studio Solution File, Format Version 12.00
# Visual Studio Version 17
VisualStudioVersion = 17.4.33403.182
MinimumVisualStudioVersion = 10.0.40219.1
Project("{9A19103F-16F7-4668-BE54-9A1E7A4F7556}") = "mnlxdprogdump", "mnlxdprogdump\mnlxdprogdump.csproj", "{5938D205-120D-4B6B-929D-44F2CBEAB424}"
EndProject
Project("{FAE04EC0-301F-11D3-BF4B-00C04F79EFBC}") = "mnlxdprogdump.Tests", "mnlxdprogdump.Tests\mnlxdprogdump.Tests.csproj", "{50BD2CBC-85D1-4E92-AB95-1A27514D1C43}"
EndProject
Global
	GlobalSection(SolutionConfigurationPlatforms) = preSolution
		Debug|Any CPU = Debug|Any CPU
		Release|Any CPU = Release|Any CPU
	EndGlobalSection
	GlobalSection(ProjectConfigurationPlatforms) = postSolution
		{5938D205-120D-4B6B-929D-44F2CBEAB424}.Debug|Any CPU.ActiveCfg = Debug|Any CPU
		{5938D205-120D-4B6B-929D-44F2CBEAB424}.Debug|Any CPU.Build.0 = Debug|Any CPU
		{5938D205-120D-4B6B-929D-44F2CBEAB424}.Release|Any CPU.ActiveCfg = Release|Any CPU
		{5938D205-120D-4B6B-929D-44F2CBEAB424}.Release|Any CPU.Build.0 = Release|Any CPU
		{50BD2CBC-85D1-4E92-AB95-1A27514D1C43}.Debug|Any CPU.ActiveCfg = Debug|Any CPU
		{50BD2CBC-85D1-4E92-AB95-1A27514D1C43}.Debug|Any CPU.Build.0 = Debug|Any CPU
		{50BD2CBC-85D1-4E92-AB95-1A27514D1C43}.Release|Any CPU.ActiveCfg = Release|Any CPU
		{50BD2CBC-85D1-4E92-AB95-1A27514D1C43}.Release|Any CPU.Build.0 = Release|Any CPU
	EndGlobalSection
	GlobalSection(SolutionProperties) = preSolution
		HideSolutionNode = FALSE
	EndGlobalSection
	GlobalSection(ExtensibilityGlobals) = postSolution
		SolutionGuid = {2631DFB4-D5A7-4284-8B94-57A535BA0321}
	EndGlobalSection
EndGlobal
